
Microsoft Visual Studio Solution File, Format Version 12.00
# Visual Studio 15
VisualStudioVersion = 15.0.28307.489
MinimumVisualStudioVersion = 10.0.40219.1
Project("{FAE04EC0-301F-11D3-BF4B-00C04F79EFBC}") = "WebDevT02", "D:\Download\FresherTraining\FresherTraining\WebDevT02.csproj", "{216A4391-DE64-43DE-841A-C9FACEC4DCCA}"
EndProject
Project("{FAE04EC0-301F-11D3-BF4B-00C04F79EFBC}") = "MISA.Entities", "..\MISA.Entities\MISA.Entities.csproj", "{E386CED2-E8C7-4959-93F5-4884FC436CCA}"
EndProject
Project("{FAE04EC0-301F-11D3-BF4B-00C04F79EFBC}") = "MISA.DL", "MISA.DL\MISA.DL.csproj", "{55409467-CC7C-4146-A7B4-842A00E08E78}"
EndProject
Project("{FAE04EC0-301F-11D3-BF4B-00C04F79EFBC}") = "MISA.BL", "MISA.BL\MISA.BL.csproj", "{1C21D967-147A-4F24-BD90-563EFA78DE36}"
EndProject
Global
	GlobalSection(SolutionConfigurationPlatforms) = preSolution
		Debug|Any CPU = Debug|Any CPU
		Release|Any CPU = Release|Any CPU
	EndGlobalSection
	GlobalSection(ProjectConfigurationPlatforms) = postSolution
		{216A4391-DE64-43DE-841A-C9FACEC4DCCA}.Debug|Any CPU.ActiveCfg = Debug|Any CPU
		{216A4391-DE64-43DE-841A-C9FACEC4DCCA}.Debug|Any CPU.Build.0 = Debug|Any CPU
		{216A4391-DE64-43DE-841A-C9FACEC4DCCA}.Release|Any CPU.ActiveCfg = Release|Any CPU
		{216A4391-DE64-43DE-841A-C9FACEC4DCCA}.Release|Any CPU.Build.0 = Release|Any CPU
		{E386CED2-E8C7-4959-93F5-4884FC436CCA}.Debug|Any CPU.ActiveCfg = Debug|Any CPU
		{E386CED2-E8C7-4959-93F5-4884FC436CCA}.Debug|Any CPU.Build.0 = Debug|Any CPU
		{E386CED2-E8C7-4959-93F5-4884FC436CCA}.Release|Any CPU.ActiveCfg = Release|Any CPU
		{E386CED2-E8C7-4959-93F5-4884FC436CCA}.Release|Any CPU.Build.0 = Release|Any CPU
		{55409467-CC7C-4146-A7B4-842A00E08E78}.Debug|Any CPU.ActiveCfg = Debug|Any CPU
		{55409467-CC7C-4146-A7B4-842A00E08E78}.Debug|Any CPU.Build.0 = Debug|Any CPU
		{55409467-CC7C-4146-A7B4-842A00E08E78}.Release|Any CPU.ActiveCfg = Release|Any CPU
		{55409467-CC7C-4146-A7B4-842A00E08E78}.Release|Any CPU.Build.0 = Release|Any CPU
		{1C21D967-147A-4F24-BD90-563EFA78DE36}.Debug|Any CPU.ActiveCfg = Debug|Any CPU
		{1C21D967-147A-4F24-BD90-563EFA78DE36}.Debug|Any CPU.Build.0 = Debug|Any CPU
		{1C21D967-147A-4F24-BD90-563EFA78DE36}.Release|Any CPU.ActiveCfg = Release|Any CPU
		{1C21D967-147A-4F24-BD90-563EFA78DE36}.Release|Any CPU.Build.0 = Release|Any CPU
	EndGlobalSection
	GlobalSection(SolutionProperties) = preSolution
		HideSolutionNode = FALSE
	EndGlobalSection
	GlobalSection(ExtensibilityGlobals) = postSolution
		SolutionGuid = {7F2832AE-61C6-484B-B5FA-8EF2B975ED00}
	EndGlobalSection
	GlobalSection(TeamFoundationVersionControl) = preSolution
		SccNumberOfProjects = 1
		SccEnterpriseProvider = {4CA58AB2-18FA-4F8D-95D4-32DDF27D184C}
		SccTeamFoundationServer = https://dev.azure.com/misafreshertraining
		SccProjectUniqueName0 = D:\\Download\\FresherTraining\\FresherTraining\\WebDevT02.csproj
		SccProjectName0 = ../../ấdas/New\u0020Folder/New\u0020Folder/FresherTraining/FresherTraining
		SccAuxPath0 = https://dev.azure.com/misafreshertraining
		SccLocalPath0 = D:\\Download\\FresherTraining\\FresherTraining
		SccProvider0 = {4CA58AB2-18FA-4F8D-95D4-32DDF27D184C}
	EndGlobalSection
EndGlobal
